
Microsoft Visual Studio Solution File, Format Version 12.00
# Visual Studio 15
VisualStudioVersion = 15.0.28307.136
MinimumVisualStudioVersion = 10.0.40219.1
Project("{FAE04EC0-301F-11D3-BF4B-00C04F79EFBC}") = "SFXamPdfViewer.Android", "SFXamPdfViewer\SFXamPdfViewer.Android\SFXamPdfViewer.Android.csproj", "{8E341DC1-12DB-4611-A1D0-2E066683A1D0}"
EndProject
Project("{FAE04EC0-301F-11D3-BF4B-00C04F79EFBC}") = "SFXamPdfViewer.iOS", "SFXamPdfViewer\SFXamPdfViewer.iOS\SFXamPdfViewer.iOS.csproj", "{4D660471-E723-434A-A8D3-DB25FBA18D13}"
EndProject
Project("{FAE04EC0-301F-11D3-BF4B-00C04F79EFBC}") = "SFXamPdfViewer", "SFXamPdfViewer\SFXamPdfViewer\SFXamPdfViewer.csproj", "{41B27FF4-9BF6-447E-82C7-DF8F5A8B600F}"
EndProject
Global
	GlobalSection(SolutionConfigurationPlatforms) = preSolution
		Ad-Hoc|Any CPU = Ad-Hoc|Any CPU
		Ad-Hoc|iPhone = Ad-Hoc|iPhone
		Ad-Hoc|iPhoneSimulator = Ad-Hoc|iPhoneSimulator
		AppStore|Any CPU = AppStore|Any CPU
		AppStore|iPhone = AppStore|iPhone
		AppStore|iPhoneSimulator = AppStore|iPhoneSimulator
		Debug|Any CPU = Debug|Any CPU
		Debug|iPhone = Debug|iPhone
		Debug|iPhoneSimulator = Debug|iPhoneSimulator
		Release|Any CPU = Release|Any CPU
		Release|iPhone = Release|iPhone
		Release|iPhoneSimulator = Release|iPhoneSimulator
	EndGlobalSection
	GlobalSection(ProjectConfigurationPlatforms) = postSolution
		{8E341DC1-12DB-4611-A1D0-2E066683A1D0}.Ad-Hoc|Any CPU.ActiveCfg = Release|Any CPU
		{8E341DC1-12DB-4611-A1D0-2E066683A1D0}.Ad-Hoc|Any CPU.Build.0 = Release|Any CPU
		{8E341DC1-12DB-4611-A1D0-2E066683A1D0}.Ad-Hoc|Any CPU.Deploy.0 = Release|Any CPU
		{8E341DC1-12DB-4611-A1D0-2E066683A1D0}.Ad-Hoc|iPhone.ActiveCfg = Release|Any CPU
		{8E341DC1-12DB-4611-A1D0-2E066683A1D0}.Ad-Hoc|iPhone.Build.0 = Release|Any CPU
		{8E341DC1-12DB-4611-A1D0-2E066683A1D0}.Ad-Hoc|iPhone.Deploy.0 = Release|Any CPU
		{8E341DC1-12DB-4611-A1D0-2E066683A1D0}.Ad-Hoc|iPhoneSimulator.ActiveCfg = Release|Any CPU
		{8E341DC1-12DB-4611-A1D0-2E066683A1D0}.Ad-Hoc|iPhoneSimulator.Build.0 = Release|Any CPU
		{8E341DC1-12DB-4611-A1D0-2E066683A1D0}.Ad-Hoc|iPhoneSimulator.Deploy.0 = Release|Any CPU
		{8E341DC1-12DB-4611-A1D0-2E066683A1D0}.AppStore|Any CPU.ActiveCfg = Release|Any CPU
		{8E341DC1-12DB-4611-A1D0-2E066683A1D0}.AppStore|Any CPU.Build.0 = Release|Any CPU
		{8E341DC1-12DB-4611-A1D0-2E066683A1D0}.AppStore|Any CPU.Deploy.0 = Release|Any CPU
		{8E341DC1-12DB-4611-A1D0-2E066683A1D0}.AppStore|iPhone.ActiveCfg = Release|Any CPU
		{8E341DC1-12DB-4611-A1D0-2E066683A1D0}.AppStore|iPhone.Build.0 = Release|Any CPU
		{8E341DC1-12DB-4611-A1D0-2E066683A1D0}.AppStore|iPhone.Deploy.0 = Release|Any CPU
		{8E341DC1-12DB-4611-A1D0-2E066683A1D0}.AppStore|iPhoneSimulator.ActiveCfg = Release|Any CPU
		{8E341DC1-12DB-4611-A1D0-2E066683A1D0}.AppStore|iPhoneSimulator.Build.0 = Release|Any CPU
		{8E341DC1-12DB-4611-A1D0-2E066683A1D0}.AppStore|iPhoneSimulator.Deploy.0 = Release|Any CPU
		{8E341DC1-12DB-4611-A1D0-2E066683A1D0}.Debug|Any CPU.ActiveCfg = Debug|Any CPU
		{8E341DC1-12DB-4611-A1D0-2E066683A1D0}.Debug|Any CPU.Build.0 = Debug|Any CPU
		{8E341DC1-12DB-4611-A1D0-2E066683A1D0}.Debug|Any CPU.Deploy.0 = Debug|Any CPU
		{8E341DC1-12DB-4611-A1D0-2E066683A1D0}.Debug|iPhone.ActiveCfg = Debug|Any CPU
		{8E341DC1-12DB-4611-A1D0-2E066683A1D0}.Debug|iPhone.Build.0 = Debug|Any CPU
		{8E341DC1-12DB-4611-A1D0-2E066683A1D0}.Debug|iPhone.Deploy.0 = Debug|Any CPU
		{8E341DC1-12DB-4611-A1D0-2E066683A1D0}.Debug|iPhoneSimulator.ActiveCfg = Debug|Any CPU
		{8E341DC1-12DB-4611-A1D0-2E066683A1D0}.Debug|iPhoneSimulator.Build.0 = Debug|Any CPU
		{8E341DC1-12DB-4611-A1D0-2E066683A1D0}.Debug|iPhoneSimulator.Deploy.0 = Debug|Any CPU
		{8E341DC1-12DB-4611-A1D0-2E066683A1D0}.Release|Any CPU.ActiveCfg = Release|Any CPU
		{8E341DC1-12DB-4611-A1D0-2E066683A1D0}.Release|Any CPU.Build.0 = Release|Any CPU
		{8E341DC1-12DB-4611-A1D0-2E066683A1D0}.Release|Any CPU.Deploy.0 = Release|Any CPU
		{8E341DC1-12DB-4611-A1D0-2E066683A1D0}.Release|iPhone.ActiveCfg = Release|Any CPU
		{8E341DC1-12DB-4611-A1D0-2E066683A1D0}.Release|iPhone.Build.0 = Release|Any CPU
		{8E341DC1-12DB-4611-A1D0-2E066683A1D0}.Release|iPhone.Deploy.0 = Release|Any CPU
		{8E341DC1-12DB-4611-A1D0-2E066683A1D0}.Release|iPhoneSimulator.ActiveCfg = Release|Any CPU
		{8E341DC1-12DB-4611-A1D0-2E066683A1D0}.Release|iPhoneSimulator.Build.0 = Release|Any CPU
		{8E341DC1-12DB-4611-A1D0-2E066683A1D0}.Release|iPhoneSimulator.Deploy.0 = Release|Any CPU
		{4D660471-E723-434A-A8D3-DB25FBA18D13}.Ad-Hoc|Any CPU.ActiveCfg = Ad-Hoc|iPhone
		{4D660471-E723-434A-A8D3-DB25FBA18D13}.Ad-Hoc|Any CPU.Build.0 = Ad-Hoc|iPhone
		{4D660471-E723-434A-A8D3-DB25FBA18D13}.Ad-Hoc|Any CPU.Deploy.0 = Ad-Hoc|iPhone
		{4D660471-E723-434A-A8D3-DB25FBA18D13}.Ad-Hoc|iPhone.ActiveCfg = Ad-Hoc|iPhone
		{4D660471-E723-434A-A8D3-DB25FBA18D13}.Ad-Hoc|iPhone.Build.0 = Ad-Hoc|iPhone
		{4D660471-E723-434A-A8D3-DB25FBA18D13}.Ad-Hoc|iPhone.Deploy.0 = Ad-Hoc|iPhone
		{4D660471-E723-434A-A8D3-DB25FBA18D13}.Ad-Hoc|iPhoneSimulator.ActiveCfg = Ad-Hoc|iPhoneSimulator
		{4D660471-E723-434A-A8D3-DB25FBA18D13}.Ad-Hoc|iPhoneSimulator.Build.0 = Ad-Hoc|iPhoneSimulator
		{4D660471-E723-434A-A8D3-DB25FBA18D13}.Ad-Hoc|iPhoneSimulator.Deploy.0 = Ad-Hoc|iPhoneSimulator
		{4D660471-E723-434A-A8D3-DB25FBA18D13}.AppStore|Any CPU.ActiveCfg = AppStore|iPhone
		{4D660471-E723-434A-A8D3-DB25FBA18D13}.AppStore|Any CPU.Build.0 = AppStore|iPhone
		{4D660471-E723-434A-A8D3-DB25FBA18D13}.AppStore|Any CPU.Deploy.0 = AppStore|iPhone
		{4D660471-E723-434A-A8D3-DB25FBA18D13}.AppStore|iPhone.ActiveCfg = AppStore|iPhone
		{4D660471-E723-434A-A8D3-DB25FBA18D13}.AppStore|iPhone.Build.0 = AppStore|iPhone
		{4D660471-E723-434A-A8D3-DB25FBA18D13}.AppStore|iPhone.Deploy.0 = AppStore|iPhone
		{4D660471-E723-434A-A8D3-DB25FBA18D13}.AppStore|iPhoneSimulator.ActiveCfg = AppStore|iPhoneSimulator
		{4D660471-E723-434A-A8D3-DB25FBA18D13}.AppStore|iPhoneSimulator.Build.0 = AppStore|iPhoneSimulator
		{4D660471-E723-434A-A8D3-DB25FBA18D13}.AppStore|iPhoneSimulator.Deploy.0 = AppStore|iPhoneSimulator
		{4D660471-E723-434A-A8D3-DB25FBA18D13}.Debug|Any CPU.ActiveCfg = Debug|iPhoneSimulator
		{4D660471-E723-434A-A8D3-DB25FBA18D13}.Debug|Any CPU.Build.0 = Debug|iPhoneSimulator
		{4D660471-E723-434A-A8D3-DB25FBA18D13}.Debug|Any CPU.Deploy.0 = Debug|iPhoneSimulator
		{4D660471-E723-434A-A8D3-DB25FBA18D13}.Debug|iPhone.ActiveCfg = Debug|iPhone
		{4D660471-E723-434A-A8D3-DB25FBA18D13}.Debug|iPhone.Build.0 = Debug|iPhone
		{4D660471-E723-434A-A8D3-DB25FBA18D13}.Debug|iPhone.Deploy.0 = Debug|iPhone
		{4D660471-E723-434A-A8D3-DB25FBA18D13}.Debug|iPhoneSimulator.ActiveCfg = Debug|iPhoneSimulator
		{4D660471-E723-434A-A8D3-DB25FBA18D13}.Debug|iPhoneSimulator.Build.0 = Debug|iPhoneSimulator
		{4D660471-E723-434A-A8D3-DB25FBA18D13}.Debug|iPhoneSimulator.Deploy.0 = Debug|iPhoneSimulator
		{4D660471-E723-434A-A8D3-DB25FBA18D13}.Release|Any CPU.ActiveCfg = Release|iPhone
		{4D660471-E723-434A-A8D3-DB25FBA18D13}.Release|Any CPU.Build.0 = Release|iPhone
		{4D660471-E723-434A-A8D3-DB25FBA18D13}.Release|Any CPU.Deploy.0 = Release|iPhone
		{4D660471-E723-434A-A8D3-DB25FBA18D13}.Release|iPhone.ActiveCfg = Release|iPhone
		{4D660471-E723-434A-A8D3-DB25FBA18D13}.Release|iPhone.Build.0 = Release|iPhone
		{4D660471-E723-434A-A8D3-DB25FBA18D13}.Release|iPhone.Deploy.0 = Release|iPhone
		{4D660471-E723-434A-A8D3-DB25FBA18D13}.Release|iPhoneSimulator.ActiveCfg = Release|iPhoneSimulator
		{4D660471-E723-434A-A8D3-DB25FBA18D13}.Release|iPhoneSimulator.Build.0 = Release|iPhoneSimulator
		{4D660471-E723-434A-A8D3-DB25FBA18D13}.Release|iPhoneSimulator.Deploy.0 = Release|iPhoneSimulator
		{41B27FF4-9BF6-447E-82C7-DF8F5A8B600F}.Ad-Hoc|Any CPU.ActiveCfg = Debug|Any CPU
		{41B27FF4-9BF6-447E-82C7-DF8F5A8B600F}.Ad-Hoc|Any CPU.Build.0 = Debug|Any CPU
		{41B27FF4-9BF6-447E-82C7-DF8F5A8B600F}.Ad-Hoc|Any CPU.Deploy.0 = Debug|Any CPU
		{41B27FF4-9BF6-447E-82C7-DF8F5A8B600F}.Ad-Hoc|iPhone.ActiveCfg = Debug|Any CPU
		{41B27FF4-9BF6-447E-82C7-DF8F5A8B600F}.Ad-Hoc|iPhone.Build.0 = Debug|Any CPU
		{41B27FF4-9BF6-447E-82C7-DF8F5A8B600F}.Ad-Hoc|iPhone.Deploy.0 = Debug|Any CPU
		{41B27FF4-9BF6-447E-82C7-DF8F5A8B600F}.Ad-Hoc|iPhoneSimulator.ActiveCfg = Debug|Any CPU
		{41B27FF4-9BF6-447E-82C7-DF8F5A8B600F}.Ad-Hoc|iPhoneSimulator.Build.0 = Debug|Any CPU
		{41B27FF4-9BF6-447E-82C7-DF8F5A8B600F}.Ad-Hoc|iPhoneSimulator.Deploy.0 = Debug|Any CPU
		{41B27FF4-9BF6-447E-82C7-DF8F5A8B600F}.AppStore|Any CPU.ActiveCfg = Debug|Any CPU
		{41B27FF4-9BF6-447E-82C7-DF8F5A8B600F}.AppStore|Any CPU.Build.0 = Debug|Any CPU
		{41B27FF4-9BF6-447E-82C7-DF8F5A8B600F}.AppStore|Any CPU.Deploy.0 = Debug|Any CPU
		{41B27FF4-9BF6-447E-82C7-DF8F5A8B600F}.AppStore|iPhone.ActiveCfg = Debug|Any CPU
		{41B27FF4-9BF6-447E-82C7-DF8F5A8B600F}.AppStore|iPhone.Build.0 = Debug|Any CPU
		{41B27FF4-9BF6-447E-82C7-DF8F5A8B600F}.AppStore|iPhone.Deploy.0 = Debug|Any CPU
		{41B27FF4-9BF6-447E-82C7-DF8F5A8B600F}.AppStore|iPhoneSimulator.ActiveCfg = Debug|Any CPU
		{41B27FF4-9BF6-447E-82C7-DF8F5A8B600F}.AppStore|iPhoneSimulator.Build.0 = Debug|Any CPU
		{41B27FF4-9BF6-447E-82C7-DF8F5A8B600F}.AppStore|iPhoneSimulator.Deploy.0 = Debug|Any CPU
		{41B27FF4-9BF6-447E-82C7-DF8F5A8B600F}.Debug|Any CPU.ActiveCfg = Debug|Any CPU
		{41B27FF4-9BF6-447E-82C7-DF8F5A8B600F}.Debug|Any CPU.Build.0 = Debug|Any CPU
		{41B27FF4-9BF6-447E-82C7-DF8F5A8B600F}.Debug|Any CPU.Deploy.0 = Debug|Any CPU
		{41B27FF4-9BF6-447E-82C7-DF8F5A8B600F}.Debug|iPhone.ActiveCfg = Debug|Any CPU
		{41B27FF4-9BF6-447E-82C7-DF8F5A8B600F}.Debug|iPhone.Build.0 = Debug|Any CPU
		{41B27FF4-9BF6-447E-82C7-DF8F5A8B600F}.Debug|iPhone.Deploy.0 = Debug|Any CPU
		{41B27FF4-9BF6-447E-82C7-DF8F5A8B600F}.Debug|iPhoneSimulator.ActiveCfg = Debug|Any CPU
		{41B27FF4-9BF6-447E-82C7-DF8F5A8B600F}.Debug|iPhoneSimulator.Build.0 = Debug|Any CPU
		{41B27FF4-9BF6-447E-82C7-DF8F5A8B600F}.Debug|iPhoneSimulator.Deploy.0 = Debug|Any CPU
		{41B27FF4-9BF6-447E-82C7-DF8F5A8B600F}.Release|Any CPU.ActiveCfg = Release|Any CPU
		{41B27FF4-9BF6-447E-82C7-DF8F5A8B600F}.Release|Any CPU.Build.0 = Release|Any CPU
		{41B27FF4-9BF6-447E-82C7-DF8F5A8B600F}.Release|Any CPU.Deploy.0 = Release|Any CPU
		{41B27FF4-9BF6-447E-82C7-DF8F5A8B600F}.Release|iPhone.ActiveCfg = Release|Any CPU
		{41B27FF4-9BF6-447E-82C7-DF8F5A8B600F}.Release|iPhone.Build.0 = Release|Any CPU
		{41B27FF4-9BF6-447E-82C7-DF8F5A8B600F}.Release|iPhone.Deploy.0 = Release|Any CPU
		{41B27FF4-9BF6-447E-82C7-DF8F5A8B600F}.Release|iPhoneSimulator.ActiveCfg = Release|Any CPU
		{41B27FF4-9BF6-447E-82C7-DF8F5A8B600F}.Release|iPhoneSimulator.Build.0 = Release|Any CPU
		{41B27FF4-9BF6-447E-82C7-DF8F5A8B600F}.Release|iPhoneSimulator.Deploy.0 = Release|Any CPU
	EndGlobalSection
	GlobalSection(SolutionProperties) = preSolution
		HideSolutionNode = FALSE
	EndGlobalSection
	GlobalSection(ExtensibilityGlobals) = postSolution
		SolutionGuid = {78AA6020-5C96-499A-9FFE-38C4371D548A}
	EndGlobalSection
EndGlobal
